
Microsoft Visual Studio Solution File, Format Version 12.00
# Visual Studio 2013
VisualStudioVersion = 12.0.31101.0
MinimumVisualStudioVersion = 10.0.40219.1
Project("{FAE04EC0-301F-11D3-BF4B-00C04F79EFBC}") = "TodoWeb", "TodoWeb\TodoWeb.csproj", "{D73F4F42-4159-42C4-BFB1-544FE6B45637}"
EndProject
Project("{FAE04EC0-301F-11D3-BF4B-00C04F79EFBC}") = "TodoWeb.Tests", "TodoWeb.Tests\TodoWeb.Tests.csproj", "{2CC94548-689E-4822-9BCA-CE7892946FB3}"
EndProject
Global
	GlobalSection(SolutionConfigurationPlatforms) = preSolution
		Debug|Any CPU = Debug|Any CPU
		Release|Any CPU = Release|Any CPU
	EndGlobalSection
	GlobalSection(ProjectConfigurationPlatforms) = postSolution
		{D73F4F42-4159-42C4-BFB1-544FE6B45637}.Debug|Any CPU.ActiveCfg = Debug|Any CPU
		{D73F4F42-4159-42C4-BFB1-544FE6B45637}.Debug|Any CPU.Build.0 = Debug|Any CPU
		{D73F4F42-4159-42C4-BFB1-544FE6B45637}.Release|Any CPU.ActiveCfg = Release|Any CPU
		{D73F4F42-4159-42C4-BFB1-544FE6B45637}.Release|Any CPU.Build.0 = Release|Any CPU
		{2CC94548-689E-4822-9BCA-CE7892946FB3}.Debug|Any CPU.ActiveCfg = Debug|Any CPU
		{2CC94548-689E-4822-9BCA-CE7892946FB3}.Debug|Any CPU.Build.0 = Debug|Any CPU
		{2CC94548-689E-4822-9BCA-CE7892946FB3}.Release|Any CPU.ActiveCfg = Release|Any CPU
		{2CC94548-689E-4822-9BCA-CE7892946FB3}.Release|Any CPU.Build.0 = Release|Any CPU
	EndGlobalSection
	GlobalSection(SolutionProperties) = preSolution
		HideSolutionNode = FALSE
	EndGlobalSection
EndGlobal
